<?xml version="1.0" encoding="utf-8"?>
<Project ToolsVersion="4.0" xmlns="http://schemas.microsoft.com/developer/msbuild/2003">
  <ItemGroup>
    <Filter Include="Source Files">
      <UniqueIdentifier>{4FC737F1-C7A5-4376-A066-2A32D752A2FF}</UniqueIdentifier>
      <Extensions>cpp;c;cc;cxx;def;odl;idl;hpj;bat;asm;asmx</Extensions>
    </Filter>
    <Filter Include="Header Files">
      <UniqueIdentifier>{93995380-89BD-4b04-88EB-625FBE52EBFB}</UniqueIdentifier>
      <Extensions>h;hh;hpp;hxx;hm;inl;inc;ipp;xsd</Extensions>
    </Filter>
    <Filter Include="Resource Files">
      <UniqueIdentifier>{67DA6AB6-F800-4c08-8B7A-83BB121AAD01}</UniqueIdentifier>
      <Extensions>rc;ico;cur;bmp;dlg;rc2;rct;bin;rgs;gif;jpg;jpeg;jpe;resx;tiff;tif;png;wav;mfcribbon-ms</Extensions>
    </Filter>
  </ItemGroup>
  <ItemGroup>
    <ClInclude Include="Entitate.h">
      <Filter>Header Files</Filter>
    </ClInclude>
    <ClInclude Include="Medicament.h">
      <Filter>Header Files</Filter>
    </ClInclude>
    <ClInclude Include="Angajat.h">
      <Filter>Header Files</Filter>
    </ClInclude>
    <ClInclude Include="RepoFile.h">
      <Filter>Header Files</Filter>
    </ClInclude>
    <ClInclude Include="Service.h">
      <Filter>Header Files</Filter>
    </ClInclude>
    <ClInclude Include="Login.h">
      <Filter>Header Files</Filter>
    </ClInclude>
    <ClInclude Include="RepoFileTXT.h">
      <Filter>Header Files</Filter>
    </ClInclude>
    <ClInclude Include="RepoFileCSV.h">
      <Filter>Header Files</Filter>
    </ClInclude>
    <ClInclude Include="TestEntitate.h">
      <Filter>Header Files</Filter>
    </ClInclude>
    <ClInclude Include="TestMedicament.h">
      <Filter>Header Files</Filter>
    </ClInclude>
    <ClInclude Include="TestAngajat.h">
      <Filter>Header Files</Filter>
    </ClInclude>
    <ClInclude Include="TestRepoFile.h">
      <Filter>Header Files</Filter>
    </ClInclude>
    <ClInclude Include="TestLogin.h">
      <Filter>Header Files</Filter>
    </ClInclude>
    <ClInclude Include="Repository.h">
      <Filter>Header Files</Filter>
    </ClInclude>
    <ClInclude Include="RepositoryFileTXT.h">
      <Filter>Header Files</Filter>
    </ClInclude>
    <ClInclude Include="RepoUtilizatori.h">
      <Filter>Header Files</Filter>
    </ClInclude>
    <ClInclude Include="ServiceLogin.h">
      <Filter>Header Files</Filter>
    </ClInclude>
    <ClInclude Include="Console.h">
      <Filter>Header Files</Filter>
    </ClInclude>
    <ClInclude Include="Exception.h">
      <Filter>Header Files</Filter>
    </ClInclude>
    <ClInclude Include="TestService.h">
      <Filter>Header Files</Filter>
    </ClInclude>
    <ClInclude Include="MedicineService.h">
      <Filter>Header Files</Filter>
    </ClInclude>
    <ClInclude Include="ValidatorEntitate.h">
      <Filter>Header Files</Filter>
    </ClInclude>
    <ClInclude Include="ValidationException.h">
      <Filter>Header Files</Filter>
    </ClInclude>
    <ClInclude Include="ValidatorMedicament.h">
      <Filter>Header Files</Filter>
    </ClInclude>
    <ClInclude Include="ValidatorAngajat.h">
      <Filter>Header Files</Filter>
    </ClInclude>
    <ClInclude Include="RepoException.h">
      <Filter>Header Files</Filter>
    </ClInclude>
    <ClInclude Include="ReadFromFileException.h">
      <Filter>Header Files</Filter>
    </ClInclude>
  </ItemGroup>
  <ItemGroup>
    <ClCompile Include="Entitate.cpp">
      <Filter>Source Files</Filter>
    </ClCompile>
    <ClCompile Include="Medicament.cpp">
      <Filter>Source Files</Filter>
    </ClCompile>
    <ClCompile Include="Angajat.cpp">
      <Filter>Source Files</Filter>
    </ClCompile>
    <ClCompile Include="app.cpp">
      <Filter>Source Files</Filter>
    </ClCompile>
    <ClCompile Include="Login.cpp">
      <Filter>Source Files</Filter>
    </ClCompile>
    <ClCompile Include="Service.cpp">
      <Filter>Source Files</Filter>
    </ClCompile>
    <ClCompile Include="RepoFile.cpp">
      <Filter>Source Files</Filter>
    </ClCompile>
    <ClCompile Include="RepoFileTXT.cpp">
      <Filter>Source Files</Filter>
    </ClCompile>
    <ClCompile Include="RepoFileCSV.cpp">
      <Filter>Source Files</Filter>
    </ClCompile>
    <ClCompile Include="TestEntitate.cpp">
      <Filter>Source Files</Filter>
    </ClCompile>
    <ClCompile Include="TestMedicament.cpp">
      <Filter>Source Files</Filter>
    </ClCompile>
    <ClCompile Include="TestAngajat.cpp">
      <Filter>Source Files</Filter>
    </ClCompile>
    <ClCompile Include="TestRepoFile.cpp">
      <Filter>Source Files</Filter>
    </ClCompile>
    <ClCompile Include="TestLogin.cpp">
      <Filter>Source Files</Filter>
    </ClCompile>
    <ClCompile Include="ServiceLogin.cpp">
      <Filter>Source Files</Filter>
    </ClCompile>
    <ClCompile Include="Console.cpp">
      <Filter>Source Files</Filter>
    </ClCompile>
    <ClCompile Include="TestService.cpp">
      <Filter>Source Files</Filter>
    </ClCompile>
    <ClCompile Include="MedicineService.cpp">
      <Filter>Source Files</Filter>
    </ClCompile>
    <ClCompile Include="ValidatorEntitate.cpp">
      <Filter>Source Files</Filter>
    </ClCompile>
    <ClCompile Include="ValidatorMedicament.cpp">
      <Filter>Source Files</Filter>
    </ClCompile>
    <ClCompile Include="ValidatorAngajat.cpp">
      <Filter>Source Files</Filter>
    </ClCompile>
  </ItemGroup>
  <ItemGroup>
    <Text Include="Test.txt" />
    <Text Include="TestMed.txt" />
    <Text Include="TestAng.txt" />
    <Text Include="TestFarmacieIn.txt">
      <Filter>Resource Files</Filter>
    </Text>
    <Text Include="TestFarmacieOut.txt">
      <Filter>Resource Files</Filter>
    </Text>
    <Text Include="TestLogin.txt" />
    <Text Include="Utilizatori.txt" />
    <Text Include="Farmacie.txt" />
  </ItemGroup>
  <ItemGroup>
    <None Include="TestFarmacieIn.csv">
      <Filter>Resource Files</Filter>
    </None>
    <None Include="TestFarmacieOut.csv">
      <Filter>Resource Files</Filter>
    </None>
    <None Include="Farmacie.csv" />
  </ItemGroup>
</Project>